
Microsoft Visual Studio Solution File, Format Version 12.00
# Visual Studio 15
VisualStudioVersion = 15.0.27004.2008
MinimumVisualStudioVersion = 10.0.40219.1
Project("{9A19103F-16F7-4668-BE54-9A1E7A4F7556}") = "PLS.SKS.Package.Services", "ParcelLogisticsService\PLS.SKS.Package.Services.csproj", "{054B8554-6346-41FA-9B27-BBD8087DBCFF}"
EndProject
Project("{FAE04EC0-301F-11D3-BF4B-00C04F79EFBC}") = "PLS.SKS.Package.Services.Interfaces", "PLS.SKS.Package.Services.Interfaces\PLS.SKS.Package.Services.Interfaces.csproj", "{D0F2577C-F845-492F-8802-B4EDF1EA2DAB}"
EndProject
Project("{9A19103F-16F7-4668-BE54-9A1E7A4F7556}") = "PLS.SKS.Package.Services.Tests", "PLS.SKS.Package.Services.Tests\PLS.SKS.Package.Services.Tests.csproj", "{CDA675EF-E21F-4DD1-9F5D-9FC1DD59CB41}"
EndProject
Project("{2150E333-8FDC-42A3-9474-1A3956D46DE8}") = "Services", "Services", "{98A6394D-85D0-4C84-8F81-F74B788DAF0C}"
EndProject
Project("{2150E333-8FDC-42A3-9474-1A3956D46DE8}") = "BusinessLogic", "BusinessLogic", "{E5E268D2-6984-4BC9-9363-D247149FEDA6}"
EndProject
Project("{2150E333-8FDC-42A3-9474-1A3956D46DE8}") = "DataAccess", "DataAccess", "{439B6556-C165-4DFE-A937-C21BC07DD49C}"
EndProject
Project("{9A19103F-16F7-4668-BE54-9A1E7A4F7556}") = "PLS.SKS.Package.BusinessLogic", "PLS.SKS.Package.BusinessLogic\PLS.SKS.Package.BusinessLogic.csproj", "{0EC8C38D-F206-4911-A549-AE9210E5D723}"
EndProject
Project("{9A19103F-16F7-4668-BE54-9A1E7A4F7556}") = "PLS.SKS.Package.BusinessLogic.Entities", "PLS.SKS.Package.BusinessLogic.Entities\PLS.SKS.Package.BusinessLogic.Entities.csproj", "{2ED46316-F0D4-4A15-9A42-797D82629DE1}"
EndProject
Project("{9A19103F-16F7-4668-BE54-9A1E7A4F7556}") = "PLS.SKS.Package.BusinessLogic.Interfaces", "PLS.SKS.Package.BusinessLogic.Interfaces\PLS.SKS.Package.BusinessLogic.Interfaces.csproj", "{60B503C1-90FE-4747-9097-8F45FA2C3666}"
EndProject
Project("{9A19103F-16F7-4668-BE54-9A1E7A4F7556}") = "PLS.SKS.Package.BusinessLogic.Tests", "PLS.SKS.Package.BusinessLogic.Tests\PLS.SKS.Package.BusinessLogic.Tests.csproj", "{1866B94A-A3D7-4420-A4A4-8243583F92A4}"
EndProject
Project("{9A19103F-16F7-4668-BE54-9A1E7A4F7556}") = "PLS.SKS.Package.DataAccess.Sql", "PLS.SKS.Package.DataAccess.Sql\PLS.SKS.Package.DataAccess.Sql.csproj", "{524F5432-C936-4511-BCC5-EA9FF9605D82}"
EndProject
Project("{9A19103F-16F7-4668-BE54-9A1E7A4F7556}") = "PLS.SKS.Package.DataAccess.Interfaces", "PLS.SKS.Package.DataAccess.Interfaces\PLS.SKS.Package.DataAccess.Interfaces.csproj", "{F8CA412B-FF34-4F7B-AE93-DE4A85FC75D9}"
EndProject
Project("{9A19103F-16F7-4668-BE54-9A1E7A4F7556}") = "PLS.SKS.Package.DataAccess.Entities", "PLS.SKS.Package.DataAccess.Entities\PLS.SKS.Package.DataAccess.Entities.csproj", "{2641A617-F4DA-4266-BB87-5F8CF57F001D}"
EndProject
Project("{9A19103F-16F7-4668-BE54-9A1E7A4F7556}") = "PLS.SKS.Package.DataAccess.Mock", "PLS.SKS.Package.DataAccess.Mock\PLS.SKS.Package.DataAccess.Mock.csproj", "{20E35C46-DC90-4C95-BC60-A4F9C2ECF295}"
EndProject
Project("{9A19103F-16F7-4668-BE54-9A1E7A4F7556}") = "PLS.SKS.Package.DataAccess", "PLS.SKS.Package.DataAccess\PLS.SKS.Package.DataAccess.csproj", "{B57374F5-5A8C-4522-A415-A33359790B4A}"
EndProject
Project("{9A19103F-16F7-4668-BE54-9A1E7A4F7556}") = "PLS.SKS.Package.Services.DTOs", "PLS.SKS.Package.Services.DTOs\PLS.SKS.Package.Services.DTOs.csproj", "{5628FEE8-AE86-4666-9D1E-E26609148A08}"
EndProject
Project("{9A19103F-16F7-4668-BE54-9A1E7A4F7556}") = "PLS.SKS.Package.DataAccess.Tests", "PLS.SKS.Package.DataAccess.Tests\PLS.SKS.Package.DataAccess.Tests.csproj", "{0B889A15-78D6-402E-9130-7E71D8DBF01F}"
EndProject
Project("{2150E333-8FDC-42A3-9474-1A3956D46DE8}") = "ServiceAgents", "ServiceAgents", "{8744EE67-0F53-4785-B894-28C2B593CB82}"
EndProject
Project("{9A19103F-16F7-4668-BE54-9A1E7A4F7556}") = "PLS.SKS.ServiceAgents", "PLS.SKS.ServiceAgents\PLS.SKS.ServiceAgents.csproj", "{B4AE49AF-E41E-4018-8FDD-5987939BF5B4}"
EndProject
Project("{9A19103F-16F7-4668-BE54-9A1E7A4F7556}") = "PLS.SKS.ServiceAgents.Interfaces", "PLS.SKS.ServiceAgents.Interfaces\PLS.SKS.ServiceAgents.Interfaces.csproj", "{188E81CE-CE20-4D10-A40B-BD9112DC97C4}"
EndProject
Project("{9A19103F-16F7-4668-BE54-9A1E7A4F7556}") = "PLS.SKS.ServiceAgents.DTOs", "PLS.SKS.ServiceAgents.DTOs\PLS.SKS.ServiceAgents.DTOs.csproj", "{55DA0F3E-B22A-4E36-8C32-7057125BF4EA}"
EndProject
Global
	GlobalSection(SolutionConfigurationPlatforms) = preSolution
		Debug|Any CPU = Debug|Any CPU
		Release|Any CPU = Release|Any CPU
	EndGlobalSection
	GlobalSection(ProjectConfigurationPlatforms) = postSolution
		{054B8554-6346-41FA-9B27-BBD8087DBCFF}.Debug|Any CPU.ActiveCfg = Debug|Any CPU
		{054B8554-6346-41FA-9B27-BBD8087DBCFF}.Debug|Any CPU.Build.0 = Debug|Any CPU
		{054B8554-6346-41FA-9B27-BBD8087DBCFF}.Release|Any CPU.ActiveCfg = Release|Any CPU
		{054B8554-6346-41FA-9B27-BBD8087DBCFF}.Release|Any CPU.Build.0 = Release|Any CPU
		{D0F2577C-F845-492F-8802-B4EDF1EA2DAB}.Debug|Any CPU.ActiveCfg = Debug|Any CPU
		{D0F2577C-F845-492F-8802-B4EDF1EA2DAB}.Debug|Any CPU.Build.0 = Debug|Any CPU
		{D0F2577C-F845-492F-8802-B4EDF1EA2DAB}.Release|Any CPU.ActiveCfg = Release|Any CPU
		{D0F2577C-F845-492F-8802-B4EDF1EA2DAB}.Release|Any CPU.Build.0 = Release|Any CPU
		{CDA675EF-E21F-4DD1-9F5D-9FC1DD59CB41}.Debug|Any CPU.ActiveCfg = Debug|Any CPU
		{CDA675EF-E21F-4DD1-9F5D-9FC1DD59CB41}.Debug|Any CPU.Build.0 = Debug|Any CPU
		{CDA675EF-E21F-4DD1-9F5D-9FC1DD59CB41}.Release|Any CPU.ActiveCfg = Release|Any CPU
		{CDA675EF-E21F-4DD1-9F5D-9FC1DD59CB41}.Release|Any CPU.Build.0 = Release|Any CPU
		{0EC8C38D-F206-4911-A549-AE9210E5D723}.Debug|Any CPU.ActiveCfg = Debug|Any CPU
		{0EC8C38D-F206-4911-A549-AE9210E5D723}.Debug|Any CPU.Build.0 = Debug|Any CPU
		{0EC8C38D-F206-4911-A549-AE9210E5D723}.Release|Any CPU.ActiveCfg = Release|Any CPU
		{0EC8C38D-F206-4911-A549-AE9210E5D723}.Release|Any CPU.Build.0 = Release|Any CPU
		{2ED46316-F0D4-4A15-9A42-797D82629DE1}.Debug|Any CPU.ActiveCfg = Debug|Any CPU
		{2ED46316-F0D4-4A15-9A42-797D82629DE1}.Debug|Any CPU.Build.0 = Debug|Any CPU
		{2ED46316-F0D4-4A15-9A42-797D82629DE1}.Release|Any CPU.ActiveCfg = Release|Any CPU
		{2ED46316-F0D4-4A15-9A42-797D82629DE1}.Release|Any CPU.Build.0 = Release|Any CPU
		{60B503C1-90FE-4747-9097-8F45FA2C3666}.Debug|Any CPU.ActiveCfg = Debug|Any CPU
		{60B503C1-90FE-4747-9097-8F45FA2C3666}.Debug|Any CPU.Build.0 = Debug|Any CPU
		{60B503C1-90FE-4747-9097-8F45FA2C3666}.Release|Any CPU.ActiveCfg = Release|Any CPU
		{60B503C1-90FE-4747-9097-8F45FA2C3666}.Release|Any CPU.Build.0 = Release|Any CPU
		{1866B94A-A3D7-4420-A4A4-8243583F92A4}.Debug|Any CPU.ActiveCfg = Debug|Any CPU
		{1866B94A-A3D7-4420-A4A4-8243583F92A4}.Debug|Any CPU.Build.0 = Debug|Any CPU
		{1866B94A-A3D7-4420-A4A4-8243583F92A4}.Release|Any CPU.ActiveCfg = Release|Any CPU
		{1866B94A-A3D7-4420-A4A4-8243583F92A4}.Release|Any CPU.Build.0 = Release|Any CPU
		{524F5432-C936-4511-BCC5-EA9FF9605D82}.Debug|Any CPU.ActiveCfg = Debug|Any CPU
		{524F5432-C936-4511-BCC5-EA9FF9605D82}.Debug|Any CPU.Build.0 = Debug|Any CPU
		{524F5432-C936-4511-BCC5-EA9FF9605D82}.Release|Any CPU.ActiveCfg = Release|Any CPU
		{524F5432-C936-4511-BCC5-EA9FF9605D82}.Release|Any CPU.Build.0 = Release|Any CPU
		{F8CA412B-FF34-4F7B-AE93-DE4A85FC75D9}.Debug|Any CPU.ActiveCfg = Debug|Any CPU
		{F8CA412B-FF34-4F7B-AE93-DE4A85FC75D9}.Debug|Any CPU.Build.0 = Debug|Any CPU
		{F8CA412B-FF34-4F7B-AE93-DE4A85FC75D9}.Release|Any CPU.ActiveCfg = Release|Any CPU
		{F8CA412B-FF34-4F7B-AE93-DE4A85FC75D9}.Release|Any CPU.Build.0 = Release|Any CPU
		{2641A617-F4DA-4266-BB87-5F8CF57F001D}.Debug|Any CPU.ActiveCfg = Debug|Any CPU
		{2641A617-F4DA-4266-BB87-5F8CF57F001D}.Debug|Any CPU.Build.0 = Debug|Any CPU
		{2641A617-F4DA-4266-BB87-5F8CF57F001D}.Release|Any CPU.ActiveCfg = Release|Any CPU
		{2641A617-F4DA-4266-BB87-5F8CF57F001D}.Release|Any CPU.Build.0 = Release|Any CPU
		{20E35C46-DC90-4C95-BC60-A4F9C2ECF295}.Debug|Any CPU.ActiveCfg = Debug|Any CPU
		{20E35C46-DC90-4C95-BC60-A4F9C2ECF295}.Debug|Any CPU.Build.0 = Debug|Any CPU
		{20E35C46-DC90-4C95-BC60-A4F9C2ECF295}.Release|Any CPU.ActiveCfg = Release|Any CPU
		{20E35C46-DC90-4C95-BC60-A4F9C2ECF295}.Release|Any CPU.Build.0 = Release|Any CPU
		{B57374F5-5A8C-4522-A415-A33359790B4A}.Debug|Any CPU.ActiveCfg = Debug|Any CPU
		{B57374F5-5A8C-4522-A415-A33359790B4A}.Debug|Any CPU.Build.0 = Debug|Any CPU
		{B57374F5-5A8C-4522-A415-A33359790B4A}.Release|Any CPU.ActiveCfg = Release|Any CPU
		{B57374F5-5A8C-4522-A415-A33359790B4A}.Release|Any CPU.Build.0 = Release|Any CPU
		{5628FEE8-AE86-4666-9D1E-E26609148A08}.Debug|Any CPU.ActiveCfg = Debug|Any CPU
		{5628FEE8-AE86-4666-9D1E-E26609148A08}.Debug|Any CPU.Build.0 = Debug|Any CPU
		{5628FEE8-AE86-4666-9D1E-E26609148A08}.Release|Any CPU.ActiveCfg = Release|Any CPU
		{5628FEE8-AE86-4666-9D1E-E26609148A08}.Release|Any CPU.Build.0 = Release|Any CPU
		{0B889A15-78D6-402E-9130-7E71D8DBF01F}.Debug|Any CPU.ActiveCfg = Debug|Any CPU
		{0B889A15-78D6-402E-9130-7E71D8DBF01F}.Debug|Any CPU.Build.0 = Debug|Any CPU
		{0B889A15-78D6-402E-9130-7E71D8DBF01F}.Release|Any CPU.ActiveCfg = Release|Any CPU
		{0B889A15-78D6-402E-9130-7E71D8DBF01F}.Release|Any CPU.Build.0 = Release|Any CPU
		{B4AE49AF-E41E-4018-8FDD-5987939BF5B4}.Debug|Any CPU.ActiveCfg = Debug|Any CPU
		{B4AE49AF-E41E-4018-8FDD-5987939BF5B4}.Debug|Any CPU.Build.0 = Debug|Any CPU
		{B4AE49AF-E41E-4018-8FDD-5987939BF5B4}.Release|Any CPU.ActiveCfg = Release|Any CPU
		{B4AE49AF-E41E-4018-8FDD-5987939BF5B4}.Release|Any CPU.Build.0 = Release|Any CPU
		{188E81CE-CE20-4D10-A40B-BD9112DC97C4}.Debug|Any CPU.ActiveCfg = Debug|Any CPU
		{188E81CE-CE20-4D10-A40B-BD9112DC97C4}.Debug|Any CPU.Build.0 = Debug|Any CPU
		{188E81CE-CE20-4D10-A40B-BD9112DC97C4}.Release|Any CPU.ActiveCfg = Release|Any CPU
		{188E81CE-CE20-4D10-A40B-BD9112DC97C4}.Release|Any CPU.Build.0 = Release|Any CPU
		{55DA0F3E-B22A-4E36-8C32-7057125BF4EA}.Debug|Any CPU.ActiveCfg = Debug|Any CPU
		{55DA0F3E-B22A-4E36-8C32-7057125BF4EA}.Debug|Any CPU.Build.0 = Debug|Any CPU
		{55DA0F3E-B22A-4E36-8C32-7057125BF4EA}.Release|Any CPU.ActiveCfg = Release|Any CPU
		{55DA0F3E-B22A-4E36-8C32-7057125BF4EA}.Release|Any CPU.Build.0 = Release|Any CPU
	EndGlobalSection
	GlobalSection(SolutionProperties) = preSolution
		HideSolutionNode = FALSE
	EndGlobalSection
	GlobalSection(NestedProjects) = preSolution
		{054B8554-6346-41FA-9B27-BBD8087DBCFF} = {98A6394D-85D0-4C84-8F81-F74B788DAF0C}
		{D0F2577C-F845-492F-8802-B4EDF1EA2DAB} = {98A6394D-85D0-4C84-8F81-F74B788DAF0C}
		{CDA675EF-E21F-4DD1-9F5D-9FC1DD59CB41} = {98A6394D-85D0-4C84-8F81-F74B788DAF0C}
		{0EC8C38D-F206-4911-A549-AE9210E5D723} = {E5E268D2-6984-4BC9-9363-D247149FEDA6}
		{2ED46316-F0D4-4A15-9A42-797D82629DE1} = {E5E268D2-6984-4BC9-9363-D247149FEDA6}
		{60B503C1-90FE-4747-9097-8F45FA2C3666} = {E5E268D2-6984-4BC9-9363-D247149FEDA6}
		{1866B94A-A3D7-4420-A4A4-8243583F92A4} = {E5E268D2-6984-4BC9-9363-D247149FEDA6}
		{524F5432-C936-4511-BCC5-EA9FF9605D82} = {439B6556-C165-4DFE-A937-C21BC07DD49C}
		{F8CA412B-FF34-4F7B-AE93-DE4A85FC75D9} = {439B6556-C165-4DFE-A937-C21BC07DD49C}
		{2641A617-F4DA-4266-BB87-5F8CF57F001D} = {439B6556-C165-4DFE-A937-C21BC07DD49C}
		{20E35C46-DC90-4C95-BC60-A4F9C2ECF295} = {439B6556-C165-4DFE-A937-C21BC07DD49C}
		{B57374F5-5A8C-4522-A415-A33359790B4A} = {439B6556-C165-4DFE-A937-C21BC07DD49C}
		{5628FEE8-AE86-4666-9D1E-E26609148A08} = {98A6394D-85D0-4C84-8F81-F74B788DAF0C}
		{0B889A15-78D6-402E-9130-7E71D8DBF01F} = {439B6556-C165-4DFE-A937-C21BC07DD49C}
		{B4AE49AF-E41E-4018-8FDD-5987939BF5B4} = {8744EE67-0F53-4785-B894-28C2B593CB82}
		{188E81CE-CE20-4D10-A40B-BD9112DC97C4} = {8744EE67-0F53-4785-B894-28C2B593CB82}
		{55DA0F3E-B22A-4E36-8C32-7057125BF4EA} = {8744EE67-0F53-4785-B894-28C2B593CB82}
	EndGlobalSection
	GlobalSection(ExtensibilityGlobals) = postSolution
		SolutionGuid = {B303BF79-71FE-4F7F-B140-151ED058CF19}
	EndGlobalSection
EndGlobal
