
Microsoft Visual Studio Solution File, Format Version 12.00
# Visual Studio 15
VisualStudioVersion = 15.0.26730.16
MinimumVisualStudioVersion = 10.0.40219.1
Project("{9A19103F-16F7-4668-BE54-9A1E7A4F7556}") = "PLS.SKS.Package.Services", "ParcelLogisticsService\PLS.SKS.Package.Services.csproj", "{054B8554-6346-41FA-9B27-BBD8087DBCFF}"
EndProject
Project("{FAE04EC0-301F-11D3-BF4B-00C04F79EFBC}") = "PLS.SKS.Package.Services.Interfaces", "PLS.SKS.Package.Services.Interfaces\PLS.SKS.Package.Services.Interfaces.csproj", "{D0F2577C-F845-492F-8802-B4EDF1EA2DAB}"
EndProject
Project("{FAE04EC0-301F-11D3-BF4B-00C04F79EFBC}") = "PLS.SKS.Package.Services.DTOs", "PLS.SKS.Package.Services.DTOs\PLS.SKS.Package.Services.DTOs.csproj", "{43446FC2-188E-4229-B694-FD6883CED71C}"
EndProject
Global
	GlobalSection(SolutionConfigurationPlatforms) = preSolution
		Debug|Any CPU = Debug|Any CPU
		Release|Any CPU = Release|Any CPU
	EndGlobalSection
	GlobalSection(ProjectConfigurationPlatforms) = postSolution
		{054B8554-6346-41FA-9B27-BBD8087DBCFF}.Debug|Any CPU.ActiveCfg = Debug|Any CPU
		{054B8554-6346-41FA-9B27-BBD8087DBCFF}.Debug|Any CPU.Build.0 = Debug|Any CPU
		{054B8554-6346-41FA-9B27-BBD8087DBCFF}.Release|Any CPU.ActiveCfg = Release|Any CPU
		{054B8554-6346-41FA-9B27-BBD8087DBCFF}.Release|Any CPU.Build.0 = Release|Any CPU
		{D0F2577C-F845-492F-8802-B4EDF1EA2DAB}.Debug|Any CPU.ActiveCfg = Debug|Any CPU
		{D0F2577C-F845-492F-8802-B4EDF1EA2DAB}.Debug|Any CPU.Build.0 = Debug|Any CPU
		{D0F2577C-F845-492F-8802-B4EDF1EA2DAB}.Release|Any CPU.ActiveCfg = Release|Any CPU
		{D0F2577C-F845-492F-8802-B4EDF1EA2DAB}.Release|Any CPU.Build.0 = Release|Any CPU
		{43446FC2-188E-4229-B694-FD6883CED71C}.Debug|Any CPU.ActiveCfg = Debug|Any CPU
		{43446FC2-188E-4229-B694-FD6883CED71C}.Debug|Any CPU.Build.0 = Debug|Any CPU
		{43446FC2-188E-4229-B694-FD6883CED71C}.Release|Any CPU.ActiveCfg = Release|Any CPU
		{43446FC2-188E-4229-B694-FD6883CED71C}.Release|Any CPU.Build.0 = Release|Any CPU
	EndGlobalSection
	GlobalSection(SolutionProperties) = preSolution
		HideSolutionNode = FALSE
	EndGlobalSection
	GlobalSection(ExtensibilityGlobals) = postSolution
		SolutionGuid = {B303BF79-71FE-4F7F-B140-151ED058CF19}
	EndGlobalSection
EndGlobal
